
Microsoft Visual Studio Solution File, Format Version 12.00
# Visual Studio Version 17
VisualStudioVersion = 17.3.32901.215
MinimumVisualStudioVersion = 10.0.40219.1
Project("{FAE04EC0-301F-11D3-BF4B-00C04F79EFBC}") = "pz_5", "pz_5\pz_5.csproj", "{A80ADEBF-19C8-47EF-8B8E-8003F3776B1C}"
EndProject
Global
	GlobalSection(SolutionConfigurationPlatforms) = preSolution
		Debug|Any CPU = Debug|Any CPU
		Release|Any CPU = Release|Any CPU
	EndGlobalSection
	GlobalSection(ProjectConfigurationPlatforms) = postSolution
		{A80ADEBF-19C8-47EF-8B8E-8003F3776B1C}.Debug|Any CPU.ActiveCfg = Debug|Any CPU
		{A80ADEBF-19C8-47EF-8B8E-8003F3776B1C}.Debug|Any CPU.Build.0 = Debug|Any CPU
		{A80ADEBF-19C8-47EF-8B8E-8003F3776B1C}.Release|Any CPU.ActiveCfg = Release|Any CPU
		{A80ADEBF-19C8-47EF-8B8E-8003F3776B1C}.Release|Any CPU.Build.0 = Release|Any CPU
	EndGlobalSection
	GlobalSection(SolutionProperties) = preSolution
		HideSolutionNode = FALSE
	EndGlobalSection
	GlobalSection(ExtensibilityGlobals) = postSolution
		SolutionGuid = {75248247-1A63-4F7C-B8D1-8713E74FF366}
	EndGlobalSection
EndGlobal
