
Microsoft Visual Studio Solution File, Format Version 12.00
# Visual Studio Version 17
VisualStudioVersion = 17.5.33627.172
MinimumVisualStudioVersion = 10.0.40219.1
Project("{FAE04EC0-301F-11D3-BF4B-00C04F79EFBC}") = "pz_24", "pz_24.csproj", "{D5F3BBED-AFDA-4847-9BF8-0FA276A76987}"
EndProject
Global
	GlobalSection(SolutionConfigurationPlatforms) = preSolution
		Debug|Any CPU = Debug|Any CPU
		Release|Any CPU = Release|Any CPU
	EndGlobalSection
	GlobalSection(ProjectConfigurationPlatforms) = postSolution
		{D5F3BBED-AFDA-4847-9BF8-0FA276A76987}.Debug|Any CPU.ActiveCfg = Debug|Any CPU
		{D5F3BBED-AFDA-4847-9BF8-0FA276A76987}.Debug|Any CPU.Build.0 = Debug|Any CPU
		{D5F3BBED-AFDA-4847-9BF8-0FA276A76987}.Release|Any CPU.ActiveCfg = Release|Any CPU
		{D5F3BBED-AFDA-4847-9BF8-0FA276A76987}.Release|Any CPU.Build.0 = Release|Any CPU
	EndGlobalSection
	GlobalSection(SolutionProperties) = preSolution
		HideSolutionNode = FALSE
	EndGlobalSection
	GlobalSection(ExtensibilityGlobals) = postSolution
		SolutionGuid = {96B1D0A0-9735-4662-BD47-FF535D353B67}
	EndGlobalSection
EndGlobal
